{
  "nodes": {
    "dwarffs": {
      "inputs": {
        "nixpkgs": [
          "nixpkgs"
        ]
      },
      "locked": {
        "lastModified": 1585848904,
        "narHash": "sha256-sTX1/DU4lxaHYFapf1hvTir799effD9mUW7l2+3azqU=",
        "owner": "edolstra",
        "repo": "dwarffs",
        "rev": "83c13981993fa54c4cac230f2eec7241ab8fd0a9",
        "type": "github"
      },
      "original": {
        "owner": "edolstra",
        "repo": "dwarffs",
        "rev": "83c13981993fa54c4cac230f2eec7241ab8fd0a9",
        "type": "github"
      }
    },
    "impermanence": {
      "inputs": {
        "nixpkgs": [
          "nixpkgs"
        ]
      },
      "locked": {
        "lastModified": 1597682528,
        "narHash": "sha256-/4xS7OLyImVJt+J9kDBVaiWESJ6UlDvT3BR5SeZc0RA=",
        "owner": "danieldk",
        "repo": "impermanence",
        "rev": "7ebaa22a3adf53b9dec43a98a83caeaa2adb8f65",
        "type": "github"
      },
      "original": {
        "owner": "danieldk",
        "ref": "flake",
        "repo": "impermanence",
        "type": "github"
      }
    },
    "nixpkgs": {
      "locked": {
        "lastModified": 1598176412,
        "narHash": "sha256-d2VPbmLamrflvnItHHeDyybhsYRzvDEdT0t/y6lz8ic=",
        "owner": "NixOS",
        "repo": "nixpkgs-channels",
        "rev": "f84aae6f67c921aa942d6b506db6509215c05591",
        "type": "github"
      },
      "original": {
        "owner": "NixOS",
        "ref": "nixos-unstable-small",
        "repo": "nixpkgs-channels",
        "type": "github"
      }
    },
    "root": {
      "inputs": {
        "dwarffs": "dwarffs",
        "impermanence": "impermanence",
        "nixpkgs": "nixpkgs"
      }
    }
  },
  "root": "root",
  "version": 7
}
